
Microsoft Visual Studio Solution File, Format Version 12.00
# Visual Studio 2013
VisualStudioVersion = 12.0.30501.0
MinimumVisualStudioVersion = 10.0.40219.1
Project("{FAE04EC0-301F-11D3-BF4B-00C04F79EFBC}") = "OnTheBus.Hack.Conventions", "OnTheBus.Hack.Conventions\OnTheBus.Hack.Conventions.csproj", "{AB91FD41-83E4-4E44-8C71-74E350778791}"
EndProject
Project("{FAE04EC0-301F-11D3-BF4B-00C04F79EFBC}") = "OnTheBus.Hack.Calculator.Messages", "OnTheBus.Hack.Calculator.Messages\OnTheBus.Hack.Calculator.Messages.csproj", "{47891EA9-4473-4F81-811F-984AB3013EC5}"
EndProject
Project("{FAE04EC0-301F-11D3-BF4B-00C04F79EFBC}") = "OnTheBus.Hack.Client", "OnTheBus.Hack.Client\OnTheBus.Hack.Client.csproj", "{ACB795CD-BF3B-479C-8136-0795B2495541}"
EndProject
Global
	GlobalSection(SolutionConfigurationPlatforms) = preSolution
		Debug|Any CPU = Debug|Any CPU
		Release|Any CPU = Release|Any CPU
	EndGlobalSection
	GlobalSection(ProjectConfigurationPlatforms) = postSolution
		{AB91FD41-83E4-4E44-8C71-74E350778791}.Debug|Any CPU.ActiveCfg = Debug|Any CPU
		{AB91FD41-83E4-4E44-8C71-74E350778791}.Debug|Any CPU.Build.0 = Debug|Any CPU
		{AB91FD41-83E4-4E44-8C71-74E350778791}.Release|Any CPU.ActiveCfg = Release|Any CPU
		{AB91FD41-83E4-4E44-8C71-74E350778791}.Release|Any CPU.Build.0 = Release|Any CPU
		{47891EA9-4473-4F81-811F-984AB3013EC5}.Debug|Any CPU.ActiveCfg = Debug|Any CPU
		{47891EA9-4473-4F81-811F-984AB3013EC5}.Debug|Any CPU.Build.0 = Debug|Any CPU
		{47891EA9-4473-4F81-811F-984AB3013EC5}.Release|Any CPU.ActiveCfg = Release|Any CPU
		{47891EA9-4473-4F81-811F-984AB3013EC5}.Release|Any CPU.Build.0 = Release|Any CPU
		{ACB795CD-BF3B-479C-8136-0795B2495541}.Debug|Any CPU.ActiveCfg = Debug|Any CPU
		{ACB795CD-BF3B-479C-8136-0795B2495541}.Debug|Any CPU.Build.0 = Debug|Any CPU
		{ACB795CD-BF3B-479C-8136-0795B2495541}.Release|Any CPU.ActiveCfg = Release|Any CPU
		{ACB795CD-BF3B-479C-8136-0795B2495541}.Release|Any CPU.Build.0 = Release|Any CPU
	EndGlobalSection
	GlobalSection(SolutionProperties) = preSolution
		HideSolutionNode = FALSE
	EndGlobalSection
EndGlobal
